
Microsoft Visual Studio Solution File, Format Version 12.00
# Visual Studio Version 17
VisualStudioVersion = 17.8.34511.84
MinimumVisualStudioVersion = 10.0.40219.1
Project("{FAE04EC0-301F-11D3-BF4B-00C04F79EFBC}") = "Server", "Server\Server.csproj", "{D4CF1272-4ECB-4F21-92D6-D1C3E8C0C32B}"
EndProject
Project("{FAE04EC0-301F-11D3-BF4B-00C04F79EFBC}") = "Client", "Client\Client.csproj", "{B3294383-B15C-4272-85AF-19283A9015EA}"
EndProject
Project("{FAE04EC0-301F-11D3-BF4B-00C04F79EFBC}") = "Client2", "Client2\Client2.csproj", "{1523D497-4316-49C0-A2C0-974928A8C989}"
EndProject
Global
	GlobalSection(SolutionConfigurationPlatforms) = preSolution
		Debug|Any CPU = Debug|Any CPU
		Release|Any CPU = Release|Any CPU
	EndGlobalSection
	GlobalSection(ProjectConfigurationPlatforms) = postSolution
		{D4CF1272-4ECB-4F21-92D6-D1C3E8C0C32B}.Debug|Any CPU.ActiveCfg = Debug|Any CPU
		{D4CF1272-4ECB-4F21-92D6-D1C3E8C0C32B}.Debug|Any CPU.Build.0 = Debug|Any CPU
		{D4CF1272-4ECB-4F21-92D6-D1C3E8C0C32B}.Release|Any CPU.ActiveCfg = Release|Any CPU
		{D4CF1272-4ECB-4F21-92D6-D1C3E8C0C32B}.Release|Any CPU.Build.0 = Release|Any CPU
		{B3294383-B15C-4272-85AF-19283A9015EA}.Debug|Any CPU.ActiveCfg = Debug|Any CPU
		{B3294383-B15C-4272-85AF-19283A9015EA}.Debug|Any CPU.Build.0 = Debug|Any CPU
		{B3294383-B15C-4272-85AF-19283A9015EA}.Release|Any CPU.ActiveCfg = Release|Any CPU
		{B3294383-B15C-4272-85AF-19283A9015EA}.Release|Any CPU.Build.0 = Release|Any CPU
		{1523D497-4316-49C0-A2C0-974928A8C989}.Debug|Any CPU.ActiveCfg = Debug|Any CPU
		{1523D497-4316-49C0-A2C0-974928A8C989}.Debug|Any CPU.Build.0 = Debug|Any CPU
		{1523D497-4316-49C0-A2C0-974928A8C989}.Release|Any CPU.ActiveCfg = Release|Any CPU
		{1523D497-4316-49C0-A2C0-974928A8C989}.Release|Any CPU.Build.0 = Release|Any CPU
	EndGlobalSection
	GlobalSection(SolutionProperties) = preSolution
		HideSolutionNode = FALSE
	EndGlobalSection
	GlobalSection(ExtensibilityGlobals) = postSolution
		SolutionGuid = {8BD2A29B-98AB-4886-AB61-20D66D84517B}
	EndGlobalSection
EndGlobal
