
Microsoft Visual Studio Solution File, Format Version 12.00
# Visual Studio Version 17
VisualStudioVersion = 17.8.34511.84
MinimumVisualStudioVersion = 10.0.40219.1
Project("{FAE04EC0-301F-11D3-BF4B-00C04F79EFBC}") = "Server", "Server\Server.csproj", "{F5282122-5331-4D86-B174-69129C163268}"
EndProject
Project("{FAE04EC0-301F-11D3-BF4B-00C04F79EFBC}") = "Client", "Client\Client.csproj", "{E7810607-91DD-4327-9445-C7841D4AFBF4}"
EndProject
Global
	GlobalSection(SolutionConfigurationPlatforms) = preSolution
		Debug|Any CPU = Debug|Any CPU
		Release|Any CPU = Release|Any CPU
	EndGlobalSection
	GlobalSection(ProjectConfigurationPlatforms) = postSolution
		{F5282122-5331-4D86-B174-69129C163268}.Debug|Any CPU.ActiveCfg = Debug|Any CPU
		{F5282122-5331-4D86-B174-69129C163268}.Debug|Any CPU.Build.0 = Debug|Any CPU
		{F5282122-5331-4D86-B174-69129C163268}.Release|Any CPU.ActiveCfg = Release|Any CPU
		{F5282122-5331-4D86-B174-69129C163268}.Release|Any CPU.Build.0 = Release|Any CPU
		{E7810607-91DD-4327-9445-C7841D4AFBF4}.Debug|Any CPU.ActiveCfg = Debug|Any CPU
		{E7810607-91DD-4327-9445-C7841D4AFBF4}.Debug|Any CPU.Build.0 = Debug|Any CPU
		{E7810607-91DD-4327-9445-C7841D4AFBF4}.Release|Any CPU.ActiveCfg = Release|Any CPU
		{E7810607-91DD-4327-9445-C7841D4AFBF4}.Release|Any CPU.Build.0 = Release|Any CPU
	EndGlobalSection
	GlobalSection(SolutionProperties) = preSolution
		HideSolutionNode = FALSE
	EndGlobalSection
	GlobalSection(ExtensibilityGlobals) = postSolution
		SolutionGuid = {3EF981BA-1D66-4F69-9EE3-EE440A36B92F}
	EndGlobalSection
EndGlobal
